
Microsoft Visual Studio Solution File, Format Version 12.00
# Visual Studio Version 16
VisualStudioVersion = 16.0.33130.400
MinimumVisualStudioVersion = 10.0.40219.1
Project("{FAE04EC0-301F-11D3-BF4B-00C04F79EFBC}") = "pipeline", "pipeline\pipeline.csproj", "{D8C6AB17-AFC8-437C-AA1F-1E70CF3F6CDF}"
EndProject
Global
	GlobalSection(SolutionConfigurationPlatforms) = preSolution
		Debug|Any CPU = Debug|Any CPU
		Release|Any CPU = Release|Any CPU
	EndGlobalSection
	GlobalSection(ProjectConfigurationPlatforms) = postSolution
		{D8C6AB17-AFC8-437C-AA1F-1E70CF3F6CDF}.Debug|Any CPU.ActiveCfg = Debug|Any CPU
		{D8C6AB17-AFC8-437C-AA1F-1E70CF3F6CDF}.Debug|Any CPU.Build.0 = Debug|Any CPU
		{D8C6AB17-AFC8-437C-AA1F-1E70CF3F6CDF}.Release|Any CPU.ActiveCfg = Release|Any CPU
		{D8C6AB17-AFC8-437C-AA1F-1E70CF3F6CDF}.Release|Any CPU.Build.0 = Release|Any CPU
	EndGlobalSection
	GlobalSection(SolutionProperties) = preSolution
		HideSolutionNode = FALSE
	EndGlobalSection
	GlobalSection(ExtensibilityGlobals) = postSolution
		SolutionGuid = {8CBF030D-86C3-4E7F-AB63-452EEC27020C}
	EndGlobalSection
EndGlobal
